
Microsoft Visual Studio Solution File, Format Version 12.00
# Visual Studio Version 16
VisualStudioVersion = 16.0.30114.105
MinimumVisualStudioVersion = 10.0.40219.1
Project("{FAE04EC0-301F-11D3-BF4B-00C04F79EFBC}") = "program", "program\program.csproj", "{DD1ED620-1DC5-4C9A-BF97-DF446CAECAB3}"
EndProject
Project("{2150E333-8FDC-42A3-9474-1A3956D46DE8}") = "Characters", "Characters", "{0E6803FD-07A4-967A-EDEF-137E9A2AC9A8}"
EndProject
Project("{FAE04EC0-301F-11D3-BF4B-00C04F79EFBC}") = "characters", "Characters\characters.csproj", "{B3F9C7ED-91B9-4257-A28F-D8615E8F5E33}"
EndProject
Project("{2150E333-8FDC-42A3-9474-1A3956D46DE8}") = "Items", "Items", "{9EFBEBFF-BDE1-CD76-4F83-5BB7FDB2F803}"
EndProject
Project("{FAE04EC0-301F-11D3-BF4B-00C04F79EFBC}") = "items", "Items\items.csproj", "{AF54F6E2-0C16-4A01-AE65-85AF4C8CA3CF}"
EndProject
Global
	GlobalSection(SolutionConfigurationPlatforms) = preSolution
		Debug|Any CPU = Debug|Any CPU
		Debug|x64 = Debug|x64
		Debug|x86 = Debug|x86
		Release|Any CPU = Release|Any CPU
		Release|x64 = Release|x64
		Release|x86 = Release|x86
	EndGlobalSection
	GlobalSection(ProjectConfigurationPlatforms) = postSolution
		{DD1ED620-1DC5-4C9A-BF97-DF446CAECAB3}.Debug|Any CPU.ActiveCfg = Debug|Any CPU
		{DD1ED620-1DC5-4C9A-BF97-DF446CAECAB3}.Debug|Any CPU.Build.0 = Debug|Any CPU
		{DD1ED620-1DC5-4C9A-BF97-DF446CAECAB3}.Debug|x64.ActiveCfg = Debug|Any CPU
		{DD1ED620-1DC5-4C9A-BF97-DF446CAECAB3}.Debug|x64.Build.0 = Debug|Any CPU
		{DD1ED620-1DC5-4C9A-BF97-DF446CAECAB3}.Debug|x86.ActiveCfg = Debug|Any CPU
		{DD1ED620-1DC5-4C9A-BF97-DF446CAECAB3}.Debug|x86.Build.0 = Debug|Any CPU
		{DD1ED620-1DC5-4C9A-BF97-DF446CAECAB3}.Release|Any CPU.ActiveCfg = Release|Any CPU
		{DD1ED620-1DC5-4C9A-BF97-DF446CAECAB3}.Release|Any CPU.Build.0 = Release|Any CPU
		{DD1ED620-1DC5-4C9A-BF97-DF446CAECAB3}.Release|x64.ActiveCfg = Release|Any CPU
		{DD1ED620-1DC5-4C9A-BF97-DF446CAECAB3}.Release|x64.Build.0 = Release|Any CPU
		{DD1ED620-1DC5-4C9A-BF97-DF446CAECAB3}.Release|x86.ActiveCfg = Release|Any CPU
		{DD1ED620-1DC5-4C9A-BF97-DF446CAECAB3}.Release|x86.Build.0 = Release|Any CPU
		{B3F9C7ED-91B9-4257-A28F-D8615E8F5E33}.Debug|Any CPU.ActiveCfg = Debug|Any CPU
		{B3F9C7ED-91B9-4257-A28F-D8615E8F5E33}.Debug|Any CPU.Build.0 = Debug|Any CPU
		{B3F9C7ED-91B9-4257-A28F-D8615E8F5E33}.Debug|x64.ActiveCfg = Debug|Any CPU
		{B3F9C7ED-91B9-4257-A28F-D8615E8F5E33}.Debug|x64.Build.0 = Debug|Any CPU
		{B3F9C7ED-91B9-4257-A28F-D8615E8F5E33}.Debug|x86.ActiveCfg = Debug|Any CPU
		{B3F9C7ED-91B9-4257-A28F-D8615E8F5E33}.Debug|x86.Build.0 = Debug|Any CPU
		{B3F9C7ED-91B9-4257-A28F-D8615E8F5E33}.Release|Any CPU.ActiveCfg = Release|Any CPU
		{B3F9C7ED-91B9-4257-A28F-D8615E8F5E33}.Release|Any CPU.Build.0 = Release|Any CPU
		{B3F9C7ED-91B9-4257-A28F-D8615E8F5E33}.Release|x64.ActiveCfg = Release|Any CPU
		{B3F9C7ED-91B9-4257-A28F-D8615E8F5E33}.Release|x64.Build.0 = Release|Any CPU
		{B3F9C7ED-91B9-4257-A28F-D8615E8F5E33}.Release|x86.ActiveCfg = Release|Any CPU
		{B3F9C7ED-91B9-4257-A28F-D8615E8F5E33}.Release|x86.Build.0 = Release|Any CPU
		{AF54F6E2-0C16-4A01-AE65-85AF4C8CA3CF}.Debug|Any CPU.ActiveCfg = Debug|Any CPU
		{AF54F6E2-0C16-4A01-AE65-85AF4C8CA3CF}.Debug|Any CPU.Build.0 = Debug|Any CPU
		{AF54F6E2-0C16-4A01-AE65-85AF4C8CA3CF}.Debug|x64.ActiveCfg = Debug|Any CPU
		{AF54F6E2-0C16-4A01-AE65-85AF4C8CA3CF}.Debug|x64.Build.0 = Debug|Any CPU
		{AF54F6E2-0C16-4A01-AE65-85AF4C8CA3CF}.Debug|x86.ActiveCfg = Debug|Any CPU
		{AF54F6E2-0C16-4A01-AE65-85AF4C8CA3CF}.Debug|x86.Build.0 = Debug|Any CPU
		{AF54F6E2-0C16-4A01-AE65-85AF4C8CA3CF}.Release|Any CPU.ActiveCfg = Release|Any CPU
		{AF54F6E2-0C16-4A01-AE65-85AF4C8CA3CF}.Release|Any CPU.Build.0 = Release|Any CPU
		{AF54F6E2-0C16-4A01-AE65-85AF4C8CA3CF}.Release|x64.ActiveCfg = Release|Any CPU
		{AF54F6E2-0C16-4A01-AE65-85AF4C8CA3CF}.Release|x64.Build.0 = Release|Any CPU
		{AF54F6E2-0C16-4A01-AE65-85AF4C8CA3CF}.Release|x86.ActiveCfg = Release|Any CPU
		{AF54F6E2-0C16-4A01-AE65-85AF4C8CA3CF}.Release|x86.Build.0 = Release|Any CPU
	EndGlobalSection
	GlobalSection(SolutionProperties) = preSolution
		HideSolutionNode = FALSE
	EndGlobalSection
	GlobalSection(NestedProjects) = preSolution
		{B3F9C7ED-91B9-4257-A28F-D8615E8F5E33} = {0E6803FD-07A4-967A-EDEF-137E9A2AC9A8}
		{AF54F6E2-0C16-4A01-AE65-85AF4C8CA3CF} = {9EFBEBFF-BDE1-CD76-4F83-5BB7FDB2F803}
	EndGlobalSection
EndGlobal
