<Solution>
  <Folder Name="/interfaces/" />
  <Folder Name="/Terrain/">
    <Project Path="Terrain/terrain.csproj" />
  </Folder>
  <Project Path="Characters/Characters.csproj" />
  <Project Path="Interfaces/Interfaces.csproj" />
  <Project Path="Items/Items.csproj" />
  <Project Path="Logger/Logger.csproj" />
  <Project Path="Menu/Menu.csproj" />
  <Project Path="Program/Program.csproj" />
</Solution>
