<Solution>
  <Folder Name="/interfaces/" />
  <Project Path="Characters/Characters.csproj" />
  <Project Path="Interfaces/Interfaces.csproj" />
  <Project Path="Items/Items.csproj" />
  <Project Path="Logger/Logger.csproj" />
  <Project Path="Menu/Menu.csproj" />
  <Project Path="Program/Program.csproj" />
  <Project Path="Terrain/Terrain.csproj" />
</Solution>
